
Microsoft Visual Studio Solution File, Format Version 12.00
# Visual Studio Version 16
VisualStudioVersion = 16.0.29806.167
MinimumVisualStudioVersion = 10.0.40219.1
Project("{8BC9CEB8-8B4A-11D0-8D11-00A0C91BC942}") = "More sophisticated Rectangle class", "More sophisticated Rectangle class\More sophisticated Rectangle class.vcxproj", "{777D186D-2F6E-4CAD-AB50-CB3C812E0032}"
EndProject
Global
	GlobalSection(SolutionConfigurationPlatforms) = preSolution
		Debug|x64 = Debug|x64
		Debug|x86 = Debug|x86
		Release|x64 = Release|x64
		Release|x86 = Release|x86
	EndGlobalSection
	GlobalSection(ProjectConfigurationPlatforms) = postSolution
		{777D186D-2F6E-4CAD-AB50-CB3C812E0032}.Debug|x64.ActiveCfg = Debug|x64
		{777D186D-2F6E-4CAD-AB50-CB3C812E0032}.Debug|x64.Build.0 = Debug|x64
		{777D186D-2F6E-4CAD-AB50-CB3C812E0032}.Debug|x86.ActiveCfg = Debug|Win32
		{777D186D-2F6E-4CAD-AB50-CB3C812E0032}.Debug|x86.Build.0 = Debug|Win32
		{777D186D-2F6E-4CAD-AB50-CB3C812E0032}.Release|x64.ActiveCfg = Release|x64
		{777D186D-2F6E-4CAD-AB50-CB3C812E0032}.Release|x64.Build.0 = Release|x64
		{777D186D-2F6E-4CAD-AB50-CB3C812E0032}.Release|x86.ActiveCfg = Release|Win32
		{777D186D-2F6E-4CAD-AB50-CB3C812E0032}.Release|x86.Build.0 = Release|Win32
	EndGlobalSection
	GlobalSection(SolutionProperties) = preSolution
		HideSolutionNode = FALSE
	EndGlobalSection
	GlobalSection(ExtensibilityGlobals) = postSolution
		SolutionGuid = {D6C64ABE-86CA-43E2-B5CB-AC2BC3830629}
	EndGlobalSection
EndGlobal
